
Microsoft Visual Studio Solution File, Format Version 12.00
# Visual Studio Version 17
VisualStudioVersion = 17.4.33122.133
MinimumVisualStudioVersion = 10.0.40219.1
Project("{FAE04EC0-301F-11D3-BF4B-00C04F79EFBC}") = "CalculoLucro", "CalculoLucro.csproj", "{7E99B126-9B52-4C7C-B478-69C7CF0FD28B}"
EndProject
Global
	GlobalSection(SolutionConfigurationPlatforms) = preSolution
		Debug|Any CPU = Debug|Any CPU
		Release|Any CPU = Release|Any CPU
	EndGlobalSection
	GlobalSection(ProjectConfigurationPlatforms) = postSolution
		{7E99B126-9B52-4C7C-B478-69C7CF0FD28B}.Debug|Any CPU.ActiveCfg = Debug|Any CPU
		{7E99B126-9B52-4C7C-B478-69C7CF0FD28B}.Debug|Any CPU.Build.0 = Debug|Any CPU
		{7E99B126-9B52-4C7C-B478-69C7CF0FD28B}.Release|Any CPU.ActiveCfg = Release|Any CPU
		{7E99B126-9B52-4C7C-B478-69C7CF0FD28B}.Release|Any CPU.Build.0 = Release|Any CPU
	EndGlobalSection
	GlobalSection(SolutionProperties) = preSolution
		HideSolutionNode = FALSE
	EndGlobalSection
	GlobalSection(ExtensibilityGlobals) = postSolution
		SolutionGuid = {00995B65-8542-4CC8-8F96-70AD9AF3FEF9}
	EndGlobalSection
EndGlobal
