
Microsoft Visual Studio Solution File, Format Version 12.00
# Visual Studio Version 17
VisualStudioVersion = 17.4.33122.133
MinimumVisualStudioVersion = 10.0.40219.1
Project("{FAE04EC0-301F-11D3-BF4B-00C04F79EFBC}") = "DistanciaAbastecida", "DistanciaAbastecida.csproj", "{C33E8A62-E097-46A4-9395-85BB385672E8}"
EndProject
Global
	GlobalSection(SolutionConfigurationPlatforms) = preSolution
		Debug|Any CPU = Debug|Any CPU
		Release|Any CPU = Release|Any CPU
	EndGlobalSection
	GlobalSection(ProjectConfigurationPlatforms) = postSolution
		{C33E8A62-E097-46A4-9395-85BB385672E8}.Debug|Any CPU.ActiveCfg = Debug|Any CPU
		{C33E8A62-E097-46A4-9395-85BB385672E8}.Debug|Any CPU.Build.0 = Debug|Any CPU
		{C33E8A62-E097-46A4-9395-85BB385672E8}.Release|Any CPU.ActiveCfg = Release|Any CPU
		{C33E8A62-E097-46A4-9395-85BB385672E8}.Release|Any CPU.Build.0 = Release|Any CPU
	EndGlobalSection
	GlobalSection(SolutionProperties) = preSolution
		HideSolutionNode = FALSE
	EndGlobalSection
	GlobalSection(ExtensibilityGlobals) = postSolution
		SolutionGuid = {CE8EEE11-D2BF-4D78-8ED8-A5750D9F6EFA}
	EndGlobalSection
EndGlobal
